
Microsoft Visual Studio Solution File, Format Version 12.00
# Visual Studio Version 16
VisualStudioVersion = 16.0.30225.117
MinimumVisualStudioVersion = 10.0.40219.1
Project("{FAE04EC0-301F-11D3-BF4B-00C04F79EFBC}") = "diffcalc", "diffcalc.csproj", "{C6699C3C-EBC0-4C6F-B646-311AB16F59A8}"
EndProject
Global
	GlobalSection(SolutionConfigurationPlatforms) = preSolution
		Debug|Any CPU = Debug|Any CPU
		Release|Any CPU = Release|Any CPU
	EndGlobalSection
	GlobalSection(ProjectConfigurationPlatforms) = postSolution
		{C6699C3C-EBC0-4C6F-B646-311AB16F59A8}.Debug|Any CPU.ActiveCfg = Debug|Any CPU
		{C6699C3C-EBC0-4C6F-B646-311AB16F59A8}.Debug|Any CPU.Build.0 = Debug|Any CPU
		{C6699C3C-EBC0-4C6F-B646-311AB16F59A8}.Release|Any CPU.ActiveCfg = Release|Any CPU
		{C6699C3C-EBC0-4C6F-B646-311AB16F59A8}.Release|Any CPU.Build.0 = Release|Any CPU
	EndGlobalSection
	GlobalSection(SolutionProperties) = preSolution
		HideSolutionNode = FALSE
	EndGlobalSection
	GlobalSection(ExtensibilityGlobals) = postSolution
		SolutionGuid = {077F593F-9B4B-4B5D-AFD6-7CC6EBC77EC5}
	EndGlobalSection
EndGlobal
